
Microsoft Visual Studio Solution File, Format Version 12.00
# Visual Studio Version 17
VisualStudioVersion = 17.0.31903.59
MinimumVisualStudioVersion = 10.0.40219.1
Project("{2150E333-8FDC-42A3-9474-1A3956D46DE8}") = "external", "external", "{AD7636A7-EBA2-4532-A73B-2361803E6F39}"
EndProject
Project("{F2A71F9B-5D33-465A-A702-920D77279786}") = "Regex", "external\Regex\Regex.fsproj", "{A7484C33-7280-46B6-B525-3099500AEC67}"
EndProject
Project("{2150E333-8FDC-42A3-9474-1A3956D46DE8}") = "tests", "tests", "{0B2676A1-4543-4E1D-819E-3A70186E36EE}"
EndProject
Project("{F2A71F9B-5D33-465A-A702-920D77279786}") = "Regex.Tests", "tests\Regex\Regex.Tests.fsproj", "{98741109-1A8E-49F2-89B4-8D88633E460B}"
EndProject
Project("{2150E333-8FDC-42A3-9474-1A3956D46DE8}") = "src", "src", "{C90706AD-F641-429C-B02F-CA25B4D84358}"
EndProject
Project("{F2A71F9B-5D33-465A-A702-920D77279786}") = "AST", "src\AST\AST.fsproj", "{7F49C8CE-3129-4ABB-99F6-EA8B6BBDF6FE}"
EndProject
Project("{F2A71F9B-5D33-465A-A702-920D77279786}") = "Lexer", "src\Lexer\Lexer.fsproj", "{3C7D330D-1602-4F2C-93CC-EDB1F69D0F6C}"
EndProject
Project("{F2A71F9B-5D33-465A-A702-920D77279786}") = "Lexer.Tests", "tests\Lexer\Lexer.Tests.fsproj", "{F0A4E200-E0B8-4991-B90C-E9B728F047BD}"
EndProject
Project("{F2A71F9B-5D33-465A-A702-920D77279786}") = "Util", "src\Util\Util.fsproj", "{EED5F876-B3C7-4081-9F37-E40585C20FF1}"
EndProject
Project("{F2A71F9B-5D33-465A-A702-920D77279786}") = "Util.Tests", "tests\Util\Util.Tests.fsproj", "{C4690758-B18B-45A2-92A4-AC3B36CEC944}"
EndProject
Project("{F2A71F9B-5D33-465A-A702-920D77279786}") = "Parser", "src\Parser\Parser.fsproj", "{4F0EA286-9EF6-4421-80BC-A9618B6C559E}"
EndProject
Project("{F2A71F9B-5D33-465A-A702-920D77279786}") = "Parser.Tests", "tests\Parser\Parser.Tests.fsproj", "{EA0DB0A8-DA4B-4CB4-8C50-32D503FC1AFC}"
EndProject
Project("{F2A71F9B-5D33-465A-A702-920D77279786}") = "Parser.Generator", "external\Parser.Generator\Parser.Generator.fsproj", "{E2199642-6C6A-42CC-B8BA-F7864D7F4C97}"
EndProject
Project("{F2A71F9B-5D33-465A-A702-920D77279786}") = "Config", "src\Config\Config.fsproj", "{42670BF4-BE35-47DF-B338-2E2D93D88B20}"
EndProject
Project("{F2A71F9B-5D33-465A-A702-920D77279786}") = "AST.Tests", "tests\AST\AST.Tests.fsproj", "{71F63981-829A-4F99-A5DB-0162B6705FB1}"
EndProject
Global
	GlobalSection(SolutionProperties) = preSolution
		HideSolutionNode = FALSE
	EndGlobalSection
	GlobalSection(SolutionConfigurationPlatforms) = preSolution
		Debug|Any CPU = Debug|Any CPU
		Debug|x64 = Debug|x64
		Debug|x86 = Debug|x86
		Release|Any CPU = Release|Any CPU
		Release|x64 = Release|x64
		Release|x86 = Release|x86
	EndGlobalSection
	GlobalSection(ProjectConfigurationPlatforms) = postSolution
		{A7484C33-7280-46B6-B525-3099500AEC67}.Debug|Any CPU.ActiveCfg = Debug|Any CPU
		{A7484C33-7280-46B6-B525-3099500AEC67}.Debug|Any CPU.Build.0 = Debug|Any CPU
		{A7484C33-7280-46B6-B525-3099500AEC67}.Debug|x64.ActiveCfg = Debug|Any CPU
		{A7484C33-7280-46B6-B525-3099500AEC67}.Debug|x64.Build.0 = Debug|Any CPU
		{A7484C33-7280-46B6-B525-3099500AEC67}.Debug|x86.ActiveCfg = Debug|Any CPU
		{A7484C33-7280-46B6-B525-3099500AEC67}.Debug|x86.Build.0 = Debug|Any CPU
		{A7484C33-7280-46B6-B525-3099500AEC67}.Release|Any CPU.ActiveCfg = Release|Any CPU
		{A7484C33-7280-46B6-B525-3099500AEC67}.Release|Any CPU.Build.0 = Release|Any CPU
		{A7484C33-7280-46B6-B525-3099500AEC67}.Release|x64.ActiveCfg = Release|Any CPU
		{A7484C33-7280-46B6-B525-3099500AEC67}.Release|x64.Build.0 = Release|Any CPU
		{A7484C33-7280-46B6-B525-3099500AEC67}.Release|x86.ActiveCfg = Release|Any CPU
		{A7484C33-7280-46B6-B525-3099500AEC67}.Release|x86.Build.0 = Release|Any CPU
		{98741109-1A8E-49F2-89B4-8D88633E460B}.Debug|Any CPU.ActiveCfg = Debug|Any CPU
		{98741109-1A8E-49F2-89B4-8D88633E460B}.Debug|Any CPU.Build.0 = Debug|Any CPU
		{98741109-1A8E-49F2-89B4-8D88633E460B}.Debug|x64.ActiveCfg = Debug|Any CPU
		{98741109-1A8E-49F2-89B4-8D88633E460B}.Debug|x64.Build.0 = Debug|Any CPU
		{98741109-1A8E-49F2-89B4-8D88633E460B}.Debug|x86.ActiveCfg = Debug|Any CPU
		{98741109-1A8E-49F2-89B4-8D88633E460B}.Debug|x86.Build.0 = Debug|Any CPU
		{98741109-1A8E-49F2-89B4-8D88633E460B}.Release|Any CPU.ActiveCfg = Release|Any CPU
		{98741109-1A8E-49F2-89B4-8D88633E460B}.Release|Any CPU.Build.0 = Release|Any CPU
		{98741109-1A8E-49F2-89B4-8D88633E460B}.Release|x64.ActiveCfg = Release|Any CPU
		{98741109-1A8E-49F2-89B4-8D88633E460B}.Release|x64.Build.0 = Release|Any CPU
		{98741109-1A8E-49F2-89B4-8D88633E460B}.Release|x86.ActiveCfg = Release|Any CPU
		{98741109-1A8E-49F2-89B4-8D88633E460B}.Release|x86.Build.0 = Release|Any CPU
		{7F49C8CE-3129-4ABB-99F6-EA8B6BBDF6FE}.Debug|Any CPU.ActiveCfg = Debug|Any CPU
		{7F49C8CE-3129-4ABB-99F6-EA8B6BBDF6FE}.Debug|Any CPU.Build.0 = Debug|Any CPU
		{7F49C8CE-3129-4ABB-99F6-EA8B6BBDF6FE}.Debug|x64.ActiveCfg = Debug|Any CPU
		{7F49C8CE-3129-4ABB-99F6-EA8B6BBDF6FE}.Debug|x64.Build.0 = Debug|Any CPU
		{7F49C8CE-3129-4ABB-99F6-EA8B6BBDF6FE}.Debug|x86.ActiveCfg = Debug|Any CPU
		{7F49C8CE-3129-4ABB-99F6-EA8B6BBDF6FE}.Debug|x86.Build.0 = Debug|Any CPU
		{7F49C8CE-3129-4ABB-99F6-EA8B6BBDF6FE}.Release|Any CPU.ActiveCfg = Release|Any CPU
		{7F49C8CE-3129-4ABB-99F6-EA8B6BBDF6FE}.Release|Any CPU.Build.0 = Release|Any CPU
		{7F49C8CE-3129-4ABB-99F6-EA8B6BBDF6FE}.Release|x64.ActiveCfg = Release|Any CPU
		{7F49C8CE-3129-4ABB-99F6-EA8B6BBDF6FE}.Release|x64.Build.0 = Release|Any CPU
		{7F49C8CE-3129-4ABB-99F6-EA8B6BBDF6FE}.Release|x86.ActiveCfg = Release|Any CPU
		{7F49C8CE-3129-4ABB-99F6-EA8B6BBDF6FE}.Release|x86.Build.0 = Release|Any CPU
		{3C7D330D-1602-4F2C-93CC-EDB1F69D0F6C}.Debug|Any CPU.ActiveCfg = Debug|Any CPU
		{3C7D330D-1602-4F2C-93CC-EDB1F69D0F6C}.Debug|Any CPU.Build.0 = Debug|Any CPU
		{3C7D330D-1602-4F2C-93CC-EDB1F69D0F6C}.Debug|x64.ActiveCfg = Debug|Any CPU
		{3C7D330D-1602-4F2C-93CC-EDB1F69D0F6C}.Debug|x64.Build.0 = Debug|Any CPU
		{3C7D330D-1602-4F2C-93CC-EDB1F69D0F6C}.Debug|x86.ActiveCfg = Debug|Any CPU
		{3C7D330D-1602-4F2C-93CC-EDB1F69D0F6C}.Debug|x86.Build.0 = Debug|Any CPU
		{3C7D330D-1602-4F2C-93CC-EDB1F69D0F6C}.Release|Any CPU.ActiveCfg = Release|Any CPU
		{3C7D330D-1602-4F2C-93CC-EDB1F69D0F6C}.Release|Any CPU.Build.0 = Release|Any CPU
		{3C7D330D-1602-4F2C-93CC-EDB1F69D0F6C}.Release|x64.ActiveCfg = Release|Any CPU
		{3C7D330D-1602-4F2C-93CC-EDB1F69D0F6C}.Release|x64.Build.0 = Release|Any CPU
		{3C7D330D-1602-4F2C-93CC-EDB1F69D0F6C}.Release|x86.ActiveCfg = Release|Any CPU
		{3C7D330D-1602-4F2C-93CC-EDB1F69D0F6C}.Release|x86.Build.0 = Release|Any CPU
		{F0A4E200-E0B8-4991-B90C-E9B728F047BD}.Debug|Any CPU.ActiveCfg = Debug|Any CPU
		{F0A4E200-E0B8-4991-B90C-E9B728F047BD}.Debug|Any CPU.Build.0 = Debug|Any CPU
		{F0A4E200-E0B8-4991-B90C-E9B728F047BD}.Debug|x64.ActiveCfg = Debug|Any CPU
		{F0A4E200-E0B8-4991-B90C-E9B728F047BD}.Debug|x64.Build.0 = Debug|Any CPU
		{F0A4E200-E0B8-4991-B90C-E9B728F047BD}.Debug|x86.ActiveCfg = Debug|Any CPU
		{F0A4E200-E0B8-4991-B90C-E9B728F047BD}.Debug|x86.Build.0 = Debug|Any CPU
		{F0A4E200-E0B8-4991-B90C-E9B728F047BD}.Release|Any CPU.ActiveCfg = Release|Any CPU
		{F0A4E200-E0B8-4991-B90C-E9B728F047BD}.Release|Any CPU.Build.0 = Release|Any CPU
		{F0A4E200-E0B8-4991-B90C-E9B728F047BD}.Release|x64.ActiveCfg = Release|Any CPU
		{F0A4E200-E0B8-4991-B90C-E9B728F047BD}.Release|x64.Build.0 = Release|Any CPU
		{F0A4E200-E0B8-4991-B90C-E9B728F047BD}.Release|x86.ActiveCfg = Release|Any CPU
		{F0A4E200-E0B8-4991-B90C-E9B728F047BD}.Release|x86.Build.0 = Release|Any CPU
		{EED5F876-B3C7-4081-9F37-E40585C20FF1}.Debug|Any CPU.ActiveCfg = Debug|Any CPU
		{EED5F876-B3C7-4081-9F37-E40585C20FF1}.Debug|Any CPU.Build.0 = Debug|Any CPU
		{EED5F876-B3C7-4081-9F37-E40585C20FF1}.Debug|x64.ActiveCfg = Debug|Any CPU
		{EED5F876-B3C7-4081-9F37-E40585C20FF1}.Debug|x64.Build.0 = Debug|Any CPU
		{EED5F876-B3C7-4081-9F37-E40585C20FF1}.Debug|x86.ActiveCfg = Debug|Any CPU
		{EED5F876-B3C7-4081-9F37-E40585C20FF1}.Debug|x86.Build.0 = Debug|Any CPU
		{EED5F876-B3C7-4081-9F37-E40585C20FF1}.Release|Any CPU.ActiveCfg = Release|Any CPU
		{EED5F876-B3C7-4081-9F37-E40585C20FF1}.Release|Any CPU.Build.0 = Release|Any CPU
		{EED5F876-B3C7-4081-9F37-E40585C20FF1}.Release|x64.ActiveCfg = Release|Any CPU
		{EED5F876-B3C7-4081-9F37-E40585C20FF1}.Release|x64.Build.0 = Release|Any CPU
		{EED5F876-B3C7-4081-9F37-E40585C20FF1}.Release|x86.ActiveCfg = Release|Any CPU
		{EED5F876-B3C7-4081-9F37-E40585C20FF1}.Release|x86.Build.0 = Release|Any CPU
		{C4690758-B18B-45A2-92A4-AC3B36CEC944}.Debug|Any CPU.ActiveCfg = Debug|Any CPU
		{C4690758-B18B-45A2-92A4-AC3B36CEC944}.Debug|Any CPU.Build.0 = Debug|Any CPU
		{C4690758-B18B-45A2-92A4-AC3B36CEC944}.Debug|x64.ActiveCfg = Debug|Any CPU
		{C4690758-B18B-45A2-92A4-AC3B36CEC944}.Debug|x64.Build.0 = Debug|Any CPU
		{C4690758-B18B-45A2-92A4-AC3B36CEC944}.Debug|x86.ActiveCfg = Debug|Any CPU
		{C4690758-B18B-45A2-92A4-AC3B36CEC944}.Debug|x86.Build.0 = Debug|Any CPU
		{C4690758-B18B-45A2-92A4-AC3B36CEC944}.Release|Any CPU.ActiveCfg = Release|Any CPU
		{C4690758-B18B-45A2-92A4-AC3B36CEC944}.Release|Any CPU.Build.0 = Release|Any CPU
		{C4690758-B18B-45A2-92A4-AC3B36CEC944}.Release|x64.ActiveCfg = Release|Any CPU
		{C4690758-B18B-45A2-92A4-AC3B36CEC944}.Release|x64.Build.0 = Release|Any CPU
		{C4690758-B18B-45A2-92A4-AC3B36CEC944}.Release|x86.ActiveCfg = Release|Any CPU
		{C4690758-B18B-45A2-92A4-AC3B36CEC944}.Release|x86.Build.0 = Release|Any CPU
		{4F0EA286-9EF6-4421-80BC-A9618B6C559E}.Debug|Any CPU.ActiveCfg = Debug|Any CPU
		{4F0EA286-9EF6-4421-80BC-A9618B6C559E}.Debug|Any CPU.Build.0 = Debug|Any CPU
		{4F0EA286-9EF6-4421-80BC-A9618B6C559E}.Debug|x64.ActiveCfg = Debug|Any CPU
		{4F0EA286-9EF6-4421-80BC-A9618B6C559E}.Debug|x64.Build.0 = Debug|Any CPU
		{4F0EA286-9EF6-4421-80BC-A9618B6C559E}.Debug|x86.ActiveCfg = Debug|Any CPU
		{4F0EA286-9EF6-4421-80BC-A9618B6C559E}.Debug|x86.Build.0 = Debug|Any CPU
		{4F0EA286-9EF6-4421-80BC-A9618B6C559E}.Release|Any CPU.ActiveCfg = Release|Any CPU
		{4F0EA286-9EF6-4421-80BC-A9618B6C559E}.Release|Any CPU.Build.0 = Release|Any CPU
		{4F0EA286-9EF6-4421-80BC-A9618B6C559E}.Release|x64.ActiveCfg = Release|Any CPU
		{4F0EA286-9EF6-4421-80BC-A9618B6C559E}.Release|x64.Build.0 = Release|Any CPU
		{4F0EA286-9EF6-4421-80BC-A9618B6C559E}.Release|x86.ActiveCfg = Release|Any CPU
		{4F0EA286-9EF6-4421-80BC-A9618B6C559E}.Release|x86.Build.0 = Release|Any CPU
		{EA0DB0A8-DA4B-4CB4-8C50-32D503FC1AFC}.Debug|Any CPU.ActiveCfg = Debug|Any CPU
		{EA0DB0A8-DA4B-4CB4-8C50-32D503FC1AFC}.Debug|Any CPU.Build.0 = Debug|Any CPU
		{EA0DB0A8-DA4B-4CB4-8C50-32D503FC1AFC}.Debug|x64.ActiveCfg = Debug|Any CPU
		{EA0DB0A8-DA4B-4CB4-8C50-32D503FC1AFC}.Debug|x64.Build.0 = Debug|Any CPU
		{EA0DB0A8-DA4B-4CB4-8C50-32D503FC1AFC}.Debug|x86.ActiveCfg = Debug|Any CPU
		{EA0DB0A8-DA4B-4CB4-8C50-32D503FC1AFC}.Debug|x86.Build.0 = Debug|Any CPU
		{EA0DB0A8-DA4B-4CB4-8C50-32D503FC1AFC}.Release|Any CPU.ActiveCfg = Release|Any CPU
		{EA0DB0A8-DA4B-4CB4-8C50-32D503FC1AFC}.Release|Any CPU.Build.0 = Release|Any CPU
		{EA0DB0A8-DA4B-4CB4-8C50-32D503FC1AFC}.Release|x64.ActiveCfg = Release|Any CPU
		{EA0DB0A8-DA4B-4CB4-8C50-32D503FC1AFC}.Release|x64.Build.0 = Release|Any CPU
		{EA0DB0A8-DA4B-4CB4-8C50-32D503FC1AFC}.Release|x86.ActiveCfg = Release|Any CPU
		{EA0DB0A8-DA4B-4CB4-8C50-32D503FC1AFC}.Release|x86.Build.0 = Release|Any CPU
		{E2199642-6C6A-42CC-B8BA-F7864D7F4C97}.Debug|Any CPU.ActiveCfg = Debug|Any CPU
		{E2199642-6C6A-42CC-B8BA-F7864D7F4C97}.Debug|Any CPU.Build.0 = Debug|Any CPU
		{E2199642-6C6A-42CC-B8BA-F7864D7F4C97}.Debug|x64.ActiveCfg = Debug|Any CPU
		{E2199642-6C6A-42CC-B8BA-F7864D7F4C97}.Debug|x64.Build.0 = Debug|Any CPU
		{E2199642-6C6A-42CC-B8BA-F7864D7F4C97}.Debug|x86.ActiveCfg = Debug|Any CPU
		{E2199642-6C6A-42CC-B8BA-F7864D7F4C97}.Debug|x86.Build.0 = Debug|Any CPU
		{E2199642-6C6A-42CC-B8BA-F7864D7F4C97}.Release|Any CPU.ActiveCfg = Release|Any CPU
		{E2199642-6C6A-42CC-B8BA-F7864D7F4C97}.Release|Any CPU.Build.0 = Release|Any CPU
		{E2199642-6C6A-42CC-B8BA-F7864D7F4C97}.Release|x64.ActiveCfg = Release|Any CPU
		{E2199642-6C6A-42CC-B8BA-F7864D7F4C97}.Release|x64.Build.0 = Release|Any CPU
		{E2199642-6C6A-42CC-B8BA-F7864D7F4C97}.Release|x86.ActiveCfg = Release|Any CPU
		{E2199642-6C6A-42CC-B8BA-F7864D7F4C97}.Release|x86.Build.0 = Release|Any CPU
		{42670BF4-BE35-47DF-B338-2E2D93D88B20}.Debug|Any CPU.ActiveCfg = Debug|Any CPU
		{42670BF4-BE35-47DF-B338-2E2D93D88B20}.Debug|Any CPU.Build.0 = Debug|Any CPU
		{42670BF4-BE35-47DF-B338-2E2D93D88B20}.Debug|x64.ActiveCfg = Debug|Any CPU
		{42670BF4-BE35-47DF-B338-2E2D93D88B20}.Debug|x64.Build.0 = Debug|Any CPU
		{42670BF4-BE35-47DF-B338-2E2D93D88B20}.Debug|x86.ActiveCfg = Debug|Any CPU
		{42670BF4-BE35-47DF-B338-2E2D93D88B20}.Debug|x86.Build.0 = Debug|Any CPU
		{42670BF4-BE35-47DF-B338-2E2D93D88B20}.Release|Any CPU.ActiveCfg = Release|Any CPU
		{42670BF4-BE35-47DF-B338-2E2D93D88B20}.Release|Any CPU.Build.0 = Release|Any CPU
		{42670BF4-BE35-47DF-B338-2E2D93D88B20}.Release|x64.ActiveCfg = Release|Any CPU
		{42670BF4-BE35-47DF-B338-2E2D93D88B20}.Release|x64.Build.0 = Release|Any CPU
		{42670BF4-BE35-47DF-B338-2E2D93D88B20}.Release|x86.ActiveCfg = Release|Any CPU
		{42670BF4-BE35-47DF-B338-2E2D93D88B20}.Release|x86.Build.0 = Release|Any CPU
		{71F63981-829A-4F99-A5DB-0162B6705FB1}.Debug|Any CPU.ActiveCfg = Debug|Any CPU
		{71F63981-829A-4F99-A5DB-0162B6705FB1}.Debug|Any CPU.Build.0 = Debug|Any CPU
		{71F63981-829A-4F99-A5DB-0162B6705FB1}.Debug|x64.ActiveCfg = Debug|Any CPU
		{71F63981-829A-4F99-A5DB-0162B6705FB1}.Debug|x64.Build.0 = Debug|Any CPU
		{71F63981-829A-4F99-A5DB-0162B6705FB1}.Debug|x86.ActiveCfg = Debug|Any CPU
		{71F63981-829A-4F99-A5DB-0162B6705FB1}.Debug|x86.Build.0 = Debug|Any CPU
		{71F63981-829A-4F99-A5DB-0162B6705FB1}.Release|Any CPU.ActiveCfg = Release|Any CPU
		{71F63981-829A-4F99-A5DB-0162B6705FB1}.Release|Any CPU.Build.0 = Release|Any CPU
		{71F63981-829A-4F99-A5DB-0162B6705FB1}.Release|x64.ActiveCfg = Release|Any CPU
		{71F63981-829A-4F99-A5DB-0162B6705FB1}.Release|x64.Build.0 = Release|Any CPU
		{71F63981-829A-4F99-A5DB-0162B6705FB1}.Release|x86.ActiveCfg = Release|Any CPU
		{71F63981-829A-4F99-A5DB-0162B6705FB1}.Release|x86.Build.0 = Release|Any CPU
	EndGlobalSection
	GlobalSection(NestedProjects) = preSolution
		{A7484C33-7280-46B6-B525-3099500AEC67} = {AD7636A7-EBA2-4532-A73B-2361803E6F39}
		{98741109-1A8E-49F2-89B4-8D88633E460B} = {0B2676A1-4543-4E1D-819E-3A70186E36EE}
		{7F49C8CE-3129-4ABB-99F6-EA8B6BBDF6FE} = {C90706AD-F641-429C-B02F-CA25B4D84358}
		{3C7D330D-1602-4F2C-93CC-EDB1F69D0F6C} = {C90706AD-F641-429C-B02F-CA25B4D84358}
		{F0A4E200-E0B8-4991-B90C-E9B728F047BD} = {0B2676A1-4543-4E1D-819E-3A70186E36EE}
		{EED5F876-B3C7-4081-9F37-E40585C20FF1} = {C90706AD-F641-429C-B02F-CA25B4D84358}
		{C4690758-B18B-45A2-92A4-AC3B36CEC944} = {0B2676A1-4543-4E1D-819E-3A70186E36EE}
		{4F0EA286-9EF6-4421-80BC-A9618B6C559E} = {C90706AD-F641-429C-B02F-CA25B4D84358}
		{EA0DB0A8-DA4B-4CB4-8C50-32D503FC1AFC} = {0B2676A1-4543-4E1D-819E-3A70186E36EE}
		{E2199642-6C6A-42CC-B8BA-F7864D7F4C97} = {AD7636A7-EBA2-4532-A73B-2361803E6F39}
		{42670BF4-BE35-47DF-B338-2E2D93D88B20} = {C90706AD-F641-429C-B02F-CA25B4D84358}
		{71F63981-829A-4F99-A5DB-0162B6705FB1} = {0B2676A1-4543-4E1D-819E-3A70186E36EE}
	EndGlobalSection
EndGlobal
